PODS:
  - Bolts-Swift (1.3.0)
  - Bolts/Tasks (1.8.4)
  - GoogleMaps (2.3.1):
    - GoogleMaps/Maps (= 2.3.1)
  - GoogleMaps/Base (2.3.1)
  - GoogleMaps/Maps (2.3.1):
    - GoogleMaps/Base
  - GooglePlaces (2.3.1):
    - GoogleMaps/Base (= 2.3.1)
  - Parse (1.14.4):
    - Bolts/Tasks (~> 1.8)
  - ParseLiveQuery (2.0.0):
    - Bolts-Swift (~> 1.3)
    - Parse (~> 1.14.2)
    - Starscream (= 2.0.3)
  - Starscream (2.0.3)

DEPENDENCIES:
  - GoogleMaps
  - GooglePlaces
  - Parse
  - ParseLiveQuery

SPEC CHECKSUMS:
  Bolts: 8a7995239dbe724f9cba2248b766d48b7ebdd322
  Bolts-Swift: fa98d1b59fc1acea9b21a21306dcdca1c85e3737
  GoogleMaps: c66a71058b9b1294bcdd5463a68e357fa50c079f
  GooglePlaces: 4a7b22debfa1af65017b82943431822607e45201
  Parse: b0aa91d2c435e53d4a9af26e741e014c9b35c42e
  ParseLiveQuery: 38fb42e4b8611ecfcb199d47e48aeaf6879f8560
  Starscream: 3fdd5c277e57cca6b5c406d274e3f34a7c88f2ce

PODFILE CHECKSUM: 701e7f028c8e3b0d766c34156b356d832afb1a18

COCOAPODS: 1.2.1
